uuid: baf28cd2-bb01-4c9d-a6e6-ea0f21b990a3
langcode: en
status: true
dependencies:
  module:
    - block_visibility_groups
    - registration_form
  theme:
    - fausttheme
id: fausttheme_registrationformblock
theme: fausttheme
region: header
weight: 0
provider: null
plugin: 'Registration form block'
settings:
  id: 'Registration form block'
  label: 'Registration form block'
  label_display: '0'
  provider: registration_form
visibility:
  condition_group:
    id: condition_group
    negate: false
    block_visibility_group: ''
