uuid: 4cadc6e3-686a-4f77-8153-0d6472c501d7
langcode: en
status: true
dependencies:
  module:
    - block_class
    - block_visibility_groups
    - weather_info
  theme:
    - fausttheme
id: fausttheme_weatherinfoblock
theme: fausttheme
region: header
weight: -23
provider: null
plugin: weather_info_block
settings:
  id: weather_info_block
  label: 'Weather Info Block'
  label_display: '0'
  provider: weather_info
  city: Lutsk
visibility:
  condition_group:
    id: condition_group
    negate: false
    block_visibility_group: ''
